{
  "name": "graph-structure-viewer",
  "version": "0.1.0",
  "lockfileVersion": 1,
  "requires": true,
  "dependencies": {
    "cose-base": {
      "version": "2.1.0",
      "resolved": "https://registry.npmjs.org/cose-base/-/cose-base-2.1.0.tgz",
      "integrity": "sha512-HTMm07dhxq1dIPGWwpiVrIk9n+DH7KYmqWA786mLe8jDS+1ZjGtJGIIsJVKoseZXS6/FxiUWCJ2B7XzqUCuhPw==",
      "requires": {
        "layout-base": "^2.0.0"
      }
    },
    "cytoscape": {
      "version": "3.20.0",
      "resolved": "https://registry.npmjs.org/cytoscape/-/cytoscape-3.20.0.tgz",
      "integrity": "sha512-V2OUoav8ltY9UPgdjuhQOqkkWT28IbJODioWCjcnLqmjym9lMpnD0ie0vdQCdAiZapjbTGAv8aoKmmSuVcC1gA==",
      "requires": {
        "heap": "^0.2.6",
        "lodash.debounce": "^4.0.8"
      }
    },
    "cytoscape-context-menus": {
      "version": "4.1.0",
      "resolved": "https://registry.npmjs.org/cytoscape-context-menus/-/cytoscape-context-menus-4.1.0.tgz",
      "integrity": "sha512-qbrdRfz8JQuZBZamhzmExPpJvUNR4VA3rcN4qChu4eVplWYU4n8N98A0ksrr2kfmUvCAL529N04KzwZd8xra7w=="
    },
    "cytoscape-fcose": {
      "version": "2.1.0",
      "resolved": "https://registry.npmjs.org/cytoscape-fcose/-/cytoscape-fcose-2.1.0.tgz",
      "integrity": "sha512-Q3apPl66jf8/2sMsrCjNP247nbDkyIPjA9g5iPMMWNLZgP3/mn9aryF7EFY/oRPEpv7bKJ4jYmCoU5r5/qAc1Q==",
      "requires": {
        "cose-base": "^2.0.0"
      }
    },
    "cytoscape-svg": {
      "version": "0.3.1",
      "resolved": "https://registry.npmjs.org/cytoscape-svg/-/cytoscape-svg-0.3.1.tgz",
      "integrity": "sha512-CaU6sUWIcCJcOWw+G1ZWHqC7ssHwXabWVo6okyIPUy3veEKoodZ3Ud2AG3Zbd8vFl8Z1W10hzyXnyy25aBXFXA=="
    },
    "heap": {
      "version": "0.2.6",
      "resolved": "https://registry.npmjs.org/heap/-/heap-0.2.6.tgz",
      "integrity": "sha1-CH4fELBGky/IWU3Z5tN4r8nR5aw="
    },
    "layout-base": {
      "version": "2.0.1",
      "resolved": "https://registry.npmjs.org/layout-base/-/layout-base-2.0.1.tgz",
      "integrity": "sha512-dp3s92+uNI1hWIpPGH3jK2kxE2lMjdXdr+DH8ynZHpd6PUlH6x6cbuXnoMmiNumznqaNO31xu9e79F0uuZ0JFg=="
    },
    "lodash.debounce": {
      "version": "4.0.8",
      "resolved": "https://registry.npmjs.org/lodash.debounce/-/lodash.debounce-4.0.8.tgz",
      "integrity": "sha1-gteb/zCmfEAF/9XiUVMArZyk168="
    }
  }
}
